// !$*UTF8*$!
{
	archiveVersion = 1;
	classes = {
	};
	objectVersion = 46;
	objects = {

/* Begin PBXBuildFile section */
		4648734C1C39C7E100913EE5 /* AppDelegate.swift in Sources */ = {isa = PBXBuildFile; fileRef = 4648734B1C39C7E100913EE5 /* AppDelegate.swift */; };
		4648734E1C39C7E100913EE5 /* MMMSearchViewController.swift in Sources */ = {isa = PBXBuildFile; fileRef = 4648734D1C39C7E100913EE5 /* MMMSearchViewController.swift */; };
		464873511C39C7E100913EE5 /* Main.storyboard in Resources */ = {isa = PBXBuildFile; fileRef = 4648734F1C39C7E100913EE5 /* Main.storyboard */; };
		464873531C39C7E100913EE5 /* Assets.xcassets in Resources */ = {isa = PBXBuildFile; fileRef = 464873521C39C7E100913EE5 /* Assets.xcassets */; };
		464873561C39C7E100913EE5 /* LaunchScreen.storyboard in Resources */ = {isa = PBXBuildFile; fileRef = 464873541C39C7E100913EE5 /* LaunchScreen.storyboard */; };
		467B30661C948A4F00F71096 /* MMMExtensions.swift in Sources */ = {isa = PBXBuildFile; fileRef = 467B30651C948A4F00F71096 /* MMMExtensions.swift */; };
		467B30681C948B1A00F71096 /* MMMOpenAndCloseStrings.swift in Sources */ = {isa = PBXBuildFile; fileRef = 467B30671C948B1A00F71096 /* MMMOpenAndCloseStrings.swift */; };
		467E78501C4545AC00FA5B4C /* MMMCourseCollectionViewCell.swift in Sources */ = {isa = PBXBuildFile; fileRef = 467E784F1C4545AC00FA5B4C /* MMMCourseCollectionViewCell.swift */; };
		46831F201C7A1FB2005F7E11 /* MMMPageScraper.swift in Sources */ = {isa = PBXBuildFile; fileRef = 46831F1F1C7A1FB2005F7E11 /* MMMPageScraper.swift */; };
		46B16EBD1C7A3E2E00747494 /* MMMCourseInfo.swift in Sources */ = {isa = PBXBuildFile; fileRef = 46B16EBC1C7A3E2E00747494 /* MMMCourseInfo.swift */; };
		46C23A3F1C94F92000615A68 /* Attempts.png in Resources */ = {isa = PBXBuildFile; fileRef = 46C23A3B1C94F92000615A68 /* Attempts.png */; };
		46C23A401C94F92000615A68 /* Flag.png in Resources */ = {isa = PBXBuildFile; fileRef = 46C23A3C1C94F92000615A68 /* Flag.png */; };
		46C23A411C94F92000615A68 /* FootPrints.png in Resources */ = {isa = PBXBuildFile; fileRef = 46C23A3D1C94F92000615A68 /* FootPrints.png */; };
		46C23A421C94F92000615A68 /* Star.png in Resources */ = {isa = PBXBuildFile; fileRef = 46C23A3E1C94F92000615A68 /* Star.png */; };
		46C23A441C950C6E00615A68 /* Colon.png in Resources */ = {isa = PBXBuildFile; fileRef = 46C23A431C950C6E00615A68 /* Colon.png */; };
		46CEC8141C8B315300C44167 /* MMMCourseInfoViewController.swift in Sources */ = {isa = PBXBuildFile; fileRef = 46CEC8131C8B315300C44167 /* MMMCourseInfoViewController.swift */; };
/* End PBXBuildFile section */

/* Begin PBXFileReference section */
		464873481C39C7E000913EE5 /* MarioMakerMeter.app */ = {isa = PBXFileReference; explicitFileType = wrapper.application; includeInIndex = 0; path = MarioMakerMeter.app; sourceTree = BUILT_PRODUCTS_DIR; };
		4648734B1C39C7E100913EE5 /* AppDelegate.swift */ = {isa = PBXFileReference; lastKnownFileType = sourcecode.swift; path = AppDelegate.swift; sourceTree = "<group>"; };
		4648734D1C39C7E100913EE5 /* MMMSearchViewController.swift */ = {isa = PBXFileReference; lastKnownFileType = sourcecode.swift; path = MMMSearchViewController.swift; sourceTree = "<group>"; };
		464873501C39C7E100913EE5 /* Base */ = {isa = PBXFileReference; lastKnownFileType = file.storyboard; name = Base; path = Base.lproj/Main.storyboard; sourceTree = "<group>"; };
		464873521C39C7E100913EE5 /* Assets.xcassets */ = {isa = PBXFileReference; lastKnownFileType = folder.assetcatalog; path = Assets.xcassets; sourceTree = "<group>"; };
		464873551C39C7E100913EE5 /* Base */ = {isa = PBXFileReference; lastKnownFileType = file.storyboard; name = Base; path = Base.lproj/LaunchScreen.storyboard; sourceTree = "<group>"; };
		464873571C39C7E100913EE5 /* Info.plist */ = {isa = PBXFileReference; lastKnownFileType = text.plist.xml; path = Info.plist; sourceTree = "<group>"; };
		467B30651C948A4F00F71096 /* MMMExtensions.swift */ = {isa = PBXFileReference; fileEncoding = 4; lastKnownFileType = sourcecode.swift; path = MMMExtensions.swift; sourceTree = "<group>"; };
		467B30671C948B1A00F71096 /* MMMOpenAndCloseStrings.swift */ = {isa = PBXFileReference; fileEncoding = 4; lastKnownFileType = sourcecode.swift; path = MMMOpenAndCloseStrings.swift; sourceTree = "<group>"; };
		467E784F1C4545AC00FA5B4C /* MMMCourseCollectionViewCell.swift */ = {isa = PBXFileReference; fileEncoding = 4; lastKnownFileType = sourcecode.swift; path = MMMCourseCollectionViewCell.swift; sourceTree = "<group>"; };
		46831F1F1C7A1FB2005F7E11 /* MMMPageScraper.swift */ = {isa = PBXFileReference; fileEncoding = 4; lastKnownFileType = sourcecode.swift; path = MMMPageScraper.swift; sourceTree = "<group>"; };
		46B16EBC1C7A3E2E00747494 /* MMMCourseInfo.swift */ = {isa = PBXFileReference; fileEncoding = 4; lastKnownFileType = sourcecode.swift; path = MMMCourseInfo.swift; sourceTree = "<group>"; };
		46C23A3B1C94F92000615A68 /* Attempts.png */ = {isa = PBXFileReference; lastKnownFileType = image.png; name = Attempts.png; path = ../../../Dropbox/MMMIcons/Attempts.png; sourceTree = "<group>"; };
		46C23A3C1C94F92000615A68 /* Flag.png */ = {isa = PBXFileReference; lastKnownFileType = image.png; name = Flag.png; path = ../../../Dropbox/MMMIcons/Flag.png; sourceTree = "<group>"; };
		46C23A3D1C94F92000615A68 /* FootPrints.png */ = {isa = PBXFileReference; lastKnownFileType = image.png; name = FootPrints.png; path = ../../../Dropbox/MMMIcons/FootPrints.png; sourceTree = "<group>"; };
		46C23A3E1C94F92000615A68 /* Star.png */ = {isa = PBXFileReference; lastKnownFileType = image.png; name = Star.png; path = ../../../Dropbox/MMMIcons/Star.png; sourceTree = "<group>"; };
		46C23A431C950C6E00615A68 /* Colon.png */ = {isa = PBXFileReference; lastKnownFileType = image.png; name = Colon.png; path = ../../../Dropbox/MMMIcons/Colon.png; sourceTree = "<group>"; };
		46CEC8131C8B315300C44167 /* MMMCourseInfoViewController.swift */ = {isa = PBXFileReference; fileEncoding = 4; lastKnownFileType = sourcecode.swift; path = MMMCourseInfoViewController.swift; sourceTree = "<group>"; };
/* End PBXFileReference section */

/* Begin PBXFrameworksBuildPhase section */
		464873451C39C7E000913EE5 /* Frameworks */ = {
			isa = PBXFrameworksBuildPhase;
			buildActionMask = 2147483647;
			files = (
			);
			runOnlyForDeploymentPostprocessing = 0;
		};
/* End PBXFrameworksBuildPhase section */

/* Begin PBXGroup section */
		4648733F1C39C7E000913EE5 = {
			isa = PBXGroup;
			children = (
				4648734A1C39C7E000913EE5 /* MarioMakerMeter */,
				464873491C39C7E000913EE5 /* Products */,
			);
			sourceTree = "<group>";
		};
		464873491C39C7E000913EE5 /* Products */ = {
			isa = PBXGroup;
			children = (
				464873481C39C7E000913EE5 /* MarioMakerMeter.app */,
			);
			name = Products;
			sourceTree = "<group>";
		};
		4648734A1C39C7E000913EE5 /* MarioMakerMeter */ = {
			isa = PBXGroup;
			children = (
				467B306B1C948C0500F71096 /* Controller */,
				467B306A1C948BFE00F71096 /* View */,
				467B306C1C948C1A00F71096 /* Model */,
				464873521C39C7E100913EE5 /* Assets.xcassets */,
				4648734B1C39C7E100913EE5 /* AppDelegate.swift */,
				464873571C39C7E100913EE5 /* Info.plist */,
			);
			path = MarioMakerMeter;
			sourceTree = "<group>";
		};
		467B30691C948B5200F71096 /* Images */ = {
			isa = PBXGroup;
			children = (
				46C23A431C950C6E00615A68 /* Colon.png */,
				46C23A3B1C94F92000615A68 /* Attempts.png */,
				46C23A3C1C94F92000615A68 /* Flag.png */,
				46C23A3D1C94F92000615A68 /* FootPrints.png */,
				46C23A3E1C94F92000615A68 /* Star.png */,
			);
			name = Images;
			sourceTree = "<group>";
		};
		467B306A1C948BFE00F71096 /* View */ = {
			isa = PBXGroup;
			children = (
				4648734F1C39C7E100913EE5 /* Main.storyboard */,
				464873541C39C7E100913EE5 /* LaunchScreen.storyboard */,
				467E784F1C4545AC00FA5B4C /* MMMCourseCollectionViewCell.swift */,
				467B30691C948B5200F71096 /* Images */,
			);
			name = View;
			sourceTree = "<group>";
		};
		467B306B1C948C0500F71096 /* Controller */ = {
			isa = PBXGroup;
			children = (
				4648734D1C39C7E100913EE5 /* MMMSearchViewController.swift */,
				46CEC8131C8B315300C44167 /* MMMCourseInfoViewController.swift */,
			);
			name = Controller;
			sourceTree = "<group>";
		};
		467B306C1C948C1A00F71096 /* Model */ = {
			isa = PBXGroup;
			children = (
				46831F1F1C7A1FB2005F7E11 /* MMMPageScraper.swift */,
				467B30671C948B1A00F71096 /* MMMOpenAndCloseStrings.swift */,
				467B30651C948A4F00F71096 /* MMMExtensions.swift */,
				46B16EBC1C7A3E2E00747494 /* MMMCourseInfo.swift */,
			);
			name = Model;
			sourceTree = "<group>";
		};
/* End PBXGroup section */

/* Begin PBXNativeTarget section */
		464873471C39C7E000913EE5 /* MarioMakerMeter */ = {
			isa = PBXNativeTarget;
			buildConfigurationList = 4648735A1C39C7E100913EE5 /* Build configuration list for PBXNativeTarget "MarioMakerMeter" */;
			buildPhases = (
				464873441C39C7E000913EE5 /* Sources */,
				464873451C39C7E000913EE5 /* Frameworks */,
				464873461C39C7E000913EE5 /* Resources */,
			);
			buildRules = (
			);
			dependencies = (
			);
			name = MarioMakerMeter;
			productName = MarioMakerMeter;
			productReference = 464873481C39C7E000913EE5 /* MarioMakerMeter.app */;
			productType = "com.apple.product-type.application";
		};
/* End PBXNativeTarget section */

/* Begin PBXProject section */
		464873401C39C7E000913EE5 /* Project object */ = {
			isa = PBXProject;
			attributes = {
				LastSwiftUpdateCheck = 0720;
				LastUpgradeCheck = 0720;
				ORGANIZATIONNAME = "Tim Winter";
				TargetAttributes = {
					464873471C39C7E000913EE5 = {
						CreatedOnToolsVersion = 7.2;
						DevelopmentTeam = 5APADPUG2B;
					};
				};
			};
			buildConfigurationList = 464873431C39C7E000913EE5 /* Build configuration list for PBXProject "MarioMakerMeter" */;
			compatibilityVersion = "Xcode 3.2";
			developmentRegion = English;
			hasScannedForEncodings = 0;
			knownRegions = (
				en,
				Base,
			);
			mainGroup = 4648733F1C39C7E000913EE5;
			productRefGroup = 464873491C39C7E000913EE5 /* Products */;
			projectDirPath = "";
			projectRoot = "";
			targets = (
				464873471C39C7E000913EE5 /* MarioMakerMeter */,
			);
		};
/* End PBXProject section */

/* Begin PBXResourcesBuildPhase section */
		464873461C39C7E000913EE5 /* Resources */ = {
			isa = PBXResourcesBuildPhase;
			buildActionMask = 2147483647;
			files = (
				464873561C39C7E100913EE5 /* LaunchScreen.storyboard in Resources */,
				46C23A421C94F92000615A68 /* Star.png in Resources */,
				46C23A3F1C94F92000615A68 /* Attempts.png in Resources */,
				46C23A401C94F92000615A68 /* Flag.png in Resources */,
				464873531C39C7E100913EE5 /* Assets.xcassets in Resources */,
				464873511C39C7E100913EE5 /* Main.storyboard in Resources */,
				46C23A411C94F92000615A68 /* FootPrints.png in Resources */,
				46C23A441C950C6E00615A68 /* Colon.png in Resources */,
			);
			runOnlyForDeploymentPostprocessing = 0;
		};
/* End PBXResourcesBuildPhase section */

/* Begin PBXSourcesBuildPhase section */
		464873441C39C7E000913EE5 /* Sources */ = {
			isa = PBXSourcesBuildPhase;
			buildActionMask = 2147483647;
			files = (
				46CEC8141C8B315300C44167 /* MMMCourseInfoViewController.swift in Sources */,
				4648734E1C39C7E100913EE5 /* MMMSearchViewController.swift in Sources */,
				4648734C1C39C7E100913EE5 /* AppDelegate.swift in Sources */,
				467B30681C948B1A00F71096 /* MMMOpenAndCloseStrings.swift in Sources */,
				467E78501C4545AC00FA5B4C /* MMMCourseCollectionViewCell.swift in Sources */,
				467B30661C948A4F00F71096 /* MMMExtensions.swift in Sources */,
				46B16EBD1C7A3E2E00747494 /* MMMCourseInfo.swift in Sources */,
				46831F201C7A1FB2005F7E11 /* MMMPageScraper.swift in Sources */,
			);
			runOnlyForDeploymentPostprocessing = 0;
		};
/* End PBXSourcesBuildPhase section */

/* Begin PBXVariantGroup section */
		4648734F1C39C7E100913EE5 /* Main.storyboard */ = {
			isa = PBXVariantGroup;
			children = (
				464873501C39C7E100913EE5 /* Base */,
			);
			name = Main.storyboard;
			sourceTree = "<group>";
		};
		464873541C39C7E100913EE5 /* LaunchScreen.storyboard */ = {
			isa = PBXVariantGroup;
			children = (
				464873551C39C7E100913EE5 /* Base */,
			);
			name = LaunchScreen.storyboard;
			sourceTree = "<group>";
		};
/* End PBXVariantGroup section */

/* Begin XCBuildConfiguration section */
		464873581C39C7E100913EE5 /* Debug */ = {
			isa = XCBuildConfiguration;
			buildSettings = {
				ALWAYS_SEARCH_USER_PATHS = NO;
				CLANG_CXX_LANGUAGE_STANDARD = "gnu++0x";
				CLANG_CXX_LIBRARY = "libc++";
				CLANG_ENABLE_MODULES = YES;
				CLANG_ENABLE_OBJC_ARC = YES;
				CLANG_WARN_BOOL_CONVERSION = YES;
				CLANG_WARN_CONSTANT_CONVERSION = YES;
				CLANG_WARN_DIRECT_OBJC_ISA_USAGE = YES_ERROR;
				CLANG_WARN_EMPTY_BODY = YES;
				CLANG_WARN_ENUM_CONVERSION = YES;
				CLANG_WARN_INT_CONVERSION = YES;
				CLANG_WARN_OBJC_ROOT_CLASS = YES_ERROR;
				CLANG_WARN_UNREACHABLE_CODE = YES;
				CLANG_WARN__DUPLICATE_METHOD_MATCH = YES;
				"CODE_SIGN_IDENTITY[sdk=iphoneos*]" = "iPhone Developer";
				COPY_PHASE_STRIP = NO;
				DEBUG_INFORMATION_FORMAT = dwarf;
				ENABLE_STRICT_OBJC_MSGSEND = YES;
				ENABLE_TESTABILITY = YES;
				GCC_C_LANGUAGE_STANDARD = gnu99;
				GCC_DYNAMIC_NO_PIC = NO;
				GCC_NO_COMMON_BLOCKS = YES;
				GCC_OPTIMIZATION_LEVEL = 0;
				GCC_PREPROCESSOR_DEFINITIONS = (
					"DEBUG=1",
					"$(inherited)",
				);
				GCC_WARN_64_TO_32_BIT_CONVERSION = YES;
				GCC_WARN_ABOUT_RETURN_TYPE = YES_ERROR;
				GCC_WARN_UNDECLARED_SELECTOR = YES;
				GCC_WARN_UNINITIALIZED_AUTOS = YES_AGGRESSIVE;
				GCC_WARN_UNUSED_FUNCTION = YES;
				GCC_WARN_UNUSED_VARIABLE = YES;
				IPHONEOS_DEPLOYMENT_TARGET = 9.2;
				MTL_ENABLE_DEBUG_INFO = YES;
				ONLY_ACTIVE_ARCH = YES;
				SDKROOT = iphoneos;
				SWIFT_OPTIMIZATION_LEVEL = "-Onone";
				TARGETED_DEVICE_FAMILY = "1,2";
			};
			name = Debug;
		};
		464873591C39C7E100913EE5 /* Release */ = {
			isa = XCBuildConfiguration;
			buildSettings = {
				ALWAYS_SEARCH_USER_PATHS = NO;
				CLANG_CXX_LANGUAGE_STANDARD = "gnu++0x";
				CLANG_CXX_LIBRARY = "libc++";
				CLANG_ENABLE_MODULES = YES;
				CLANG_ENABLE_OBJC_ARC = YES;
				CLANG_WARN_BOOL_CONVERSION = YES;
				CLANG_WARN_CONSTANT_CONVERSION = YES;
				CLANG_WARN_DIRECT_OBJC_ISA_USAGE = YES_ERROR;
				CLANG_WARN_EMPTY_BODY = YES;
				CLANG_WARN_ENUM_CONVERSION = YES;
				CLANG_WARN_INT_CONVERSION = YES;
				CLANG_WARN_OBJC_ROOT_CLASS = YES_ERROR;
				CLANG_WARN_UNREACHABLE_CODE = YES;
				CLANG_WARN__DUPLICATE_METHOD_MATCH = YES;
				"CODE_SIGN_IDENTITY[sdk=iphoneos*]" = "iPhone Developer";
				COPY_PHASE_STRIP = NO;
				DEBUG_INFORMATION_FORMAT = "dwarf-with-dsym";
				ENABLE_NS_ASSERTIONS = NO;
				ENABLE_STRICT_OBJC_MSGSEND = YES;
				GCC_C_LANGUAGE_STANDARD = gnu99;
				GCC_NO_COMMON_BLOCKS = YES;
				GCC_WARN_64_TO_32_BIT_CONVERSION = YES;
				GCC_WARN_ABOUT_RETURN_TYPE = YES_ERROR;
				GCC_WARN_UNDECLARED_SELECTOR = YES;
				GCC_WARN_UNINITIALIZED_AUTOS = YES_AGGRESSIVE;
				GCC_WARN_UNUSED_FUNCTION = YES;
				GCC_WARN_UNUSED_VARIABLE = YES;
				IPHONEOS_DEPLOYMENT_TARGET = 9.2;
				MTL_ENABLE_DEBUG_INFO = NO;
				SDKROOT = iphoneos;
				TARGETED_DEVICE_FAMILY = "1,2";
				VALIDATE_PRODUCT = YES;
			};
			name = Release;
		};
		4648735B1C39C7E100913EE5 /* Debug */ = {
			isa = XCBuildConfiguration;
			buildSettings = {
				ASSETCATALOG_COMPILER_APPICON_NAME = AppIcon;
				CODE_SIGN_IDENTITY = "iPhone Developer";
				"CODE_SIGN_IDENTITY[sdk=iphoneos*]" = "iPhone Developer";
				INFOPLIST_FILE = MarioMakerMeter/Info.plist;
				IPHONEOS_DEPLOYMENT_TARGET = 9.2;
				LD_RUNPATH_SEARCH_PATHS = "$(inherited) @executable_path/Frameworks";
				PRODUCT_BUNDLE_IDENTIFIER = com.newgnome.MarioMakerMeter;
				PRODUCT_NAME = "$(TARGET_NAME)";
				PROVISIONING_PROFILE = "";
				TARGETED_DEVICE_FAMILY = "1,2";
			};
			name = Debug;
		};
		4648735C1C39C7E100913EE5 /* Release */ = {
			isa = XCBuildConfiguration;
			buildSettings = {
				ASSETCATALOG_COMPILER_APPICON_NAME = AppIcon;
				CODE_SIGN_IDENTITY = "iPhone Developer";
				"CODE_SIGN_IDENTITY[sdk=iphoneos*]" = "iPhone Developer";
				INFOPLIST_FILE = MarioMakerMeter/Info.plist;
				IPHONEOS_DEPLOYMENT_TARGET = 9.2;
				LD_RUNPATH_SEARCH_PATHS = "$(inherited) @executable_path/Frameworks";
				PRODUCT_BUNDLE_IDENTIFIER = com.newgnome.MarioMakerMeter;
				PRODUCT_NAME = "$(TARGET_NAME)";
				PROVISIONING_PROFILE = "";
				TARGETED_DEVICE_FAMILY = "1,2";
			};
			name = Release;
		};
/* End XCBuildConfiguration section */

/* Begin XCConfigurationList section */
		464873431C39C7E000913EE5 /* Build configuration list for PBXProject "MarioMakerMeter" */ = {
			isa = XCConfigurationList;
			buildConfigurations = (
				464873581C39C7E100913EE5 /* Debug */,
				464873591C39C7E100913EE5 /* Release */,
			);
			defaultConfigurationIsVisible = 0;
			defaultConfigurationName = Release;
		};
		4648735A1C39C7E100913EE5 /* Build configuration list for PBXNativeTarget "MarioMakerMeter" */ = {
			isa = XCConfigurationList;
			buildConfigurations = (
				4648735B1C39C7E100913EE5 /* Debug */,
				4648735C1C39C7E100913EE5 /* Release */,
			);
			defaultConfigurationIsVisible = 0;
			defaultConfigurationName = Release;
		};
/* End XCConfigurationList section */
	};
	rootObject = 464873401C39C7E000913EE5 /* Project object */;
}
